
Microsoft Visual Studio Solution File, Format Version 12.00
# Visual Studio Version 17
VisualStudioVersion = 17.7.34031.279
MinimumVisualStudioVersion = 10.0.40219.1
Project("{FAE04EC0-301F-11D3-BF4B-00C04F79EFBC}") = "WebApplication4", "WebApplication4\WebApplication4.csproj", "{DE13BFE4-9748-4609-943A-5A2975C30158}"
EndProject
Project("{2150E333-8FDC-42A3-9474-1A3956D46DE8}") = "Solution Items", "Solution Items", "{738A2EE6-9407-48DD-8C94-865330103E79}"
	ProjectSection(SolutionItems) = preProject
		Todo.txt = Todo.txt
	EndProjectSection
EndProject
Global
	GlobalSection(SolutionConfigurationPlatforms) = preSolution
		Debug|Any CPU = Debug|Any CPU
		Release|Any CPU = Release|Any CPU
	EndGlobalSection
	GlobalSection(ProjectConfigurationPlatforms) = postSolution
		{DE13BFE4-9748-4609-943A-5A2975C30158}.Debug|Any CPU.ActiveCfg = Debug|Any CPU
		{DE13BFE4-9748-4609-943A-5A2975C30158}.Debug|Any CPU.Build.0 = Debug|Any CPU
		{DE13BFE4-9748-4609-943A-5A2975C30158}.Release|Any CPU.ActiveCfg = Release|Any CPU
		{DE13BFE4-9748-4609-943A-5A2975C30158}.Release|Any CPU.Build.0 = Release|Any CPU
	EndGlobalSection
	GlobalSection(SolutionProperties) = preSolution
		HideSolutionNode = FALSE
	EndGlobalSection
	GlobalSection(ExtensibilityGlobals) = postSolution
		SolutionGuid = {BF2B68FB-E691-40D8-BD35-42DFE4AEE6F5}
	EndGlobalSection
EndGlobal
